
Microsoft Visual Studio Solution File, Format Version 12.00
# Visual Studio Version 16
VisualStudioVersion = 16.0.29709.97
MinimumVisualStudioVersion = 10.0.40219.1
Project("{FAE04EC0-301F-11D3-BF4B-00C04F79EFBC}") = "Calculator", "Calculator.csproj", "{3E975E23-80F8-4B20-A19A-9B4DF7A829BC}"
EndProject
Global
	GlobalSection(SolutionConfigurationPlatforms) = preSolution
		Debug|Any CPU = Debug|Any CPU
		Release|Any CPU = Release|Any CPU
	EndGlobalSection
	GlobalSection(ProjectConfigurationPlatforms) = postSolution
		{3E975E23-80F8-4B20-A19A-9B4DF7A829BC}.Debug|Any CPU.ActiveCfg = Debug|Any CPU
		{3E975E23-80F8-4B20-A19A-9B4DF7A829BC}.Debug|Any CPU.Build.0 = Debug|Any CPU
		{3E975E23-80F8-4B20-A19A-9B4DF7A829BC}.Release|Any CPU.ActiveCfg = Release|Any CPU
		{3E975E23-80F8-4B20-A19A-9B4DF7A829BC}.Release|Any CPU.Build.0 = Release|Any CPU
	EndGlobalSection
	GlobalSection(SolutionProperties) = preSolution
		HideSolutionNode = FALSE
	EndGlobalSection
	GlobalSection(ExtensibilityGlobals) = postSolution
		SolutionGuid = {A1D7AFB7-1F77-4027-B013-866A1872400A}
	EndGlobalSection
EndGlobal
